{
  "version": 4,
  "terraform_version": "1.1.7",
  "serial": 126,
  "lineage": "1964d563-e7f5-6d14-bcc5-4d1f871b78fc",
  "outputs": {},
  "resources": [
    {
      "mode": "managed",
      "type": "azurerm_app_service",
      "name": "webapp",
      "provider": "provider[\"registry.terraform.io/hashicorp/azurerm\"]",
      "instances": [
        {
          "schema_version": 0,
          "attributes": {
            "app_service_plan_id": "/subscriptions/ceb56d52-5419-431d-9453-6701a9c46fb6/resourceGroups/rsg-dwh-uat-01/providers/Microsoft.Web/serverfarms/asp-dwh-uat-eus-01",
            "app_settings": {
              "WEBSITE_NODE_DEFAULT_VERSION": "6.9.1"
            },
            "auth_settings": [
              {
                "active_directory": [],
                "additional_login_params": {},
                "allowed_external_redirect_urls": [],
                "default_provider": "",
                "enabled": false,
                "facebook": [],
                "google": [],
                "issuer": "",
                "microsoft": [],
                "runtime_version": "",
                "token_refresh_extension_hours": 0,
                "token_store_enabled": false,
                "twitter": [],
                "unauthenticated_client_action": ""
              }
            ],
            "backup": [],
            "client_affinity_enabled": false,
            "client_cert_enabled": false,
            "client_cert_mode": "Required",
            "connection_string": [],
            "custom_domain_verification_id": "197880162AF3EBACE226F471E761E162581A5383D9C0FEED873B9B8CFD3BE073",
            "default_site_hostname": "app-dwhapi-uat-eus-01.azurewebsites.net",
            "enabled": true,
            "https_only": false,
            "id": "/subscriptions/ceb56d52-5419-431d-9453-6701a9c46fb6/resourceGroups/rsg-dwh-uat-01/providers/Microsoft.Web/sites/app-dwhapi-uat-eus-01",
            "identity": [],
            "key_vault_reference_identity_id": "SystemAssigned",
            "location": "westus",
            "logs": [
              {
                "application_logs": [
                  {
                    "azure_blob_storage": [],
                    "file_system_level": "Off"
                  }
                ],
                "detailed_error_messages_enabled": false,
                "failed_request_tracing_enabled": false,
                "http_logs": [
                  {
                    "azure_blob_storage": [],
                    "file_system": []
                  }
                ]
              }
            ],
            "name": "app-dwhapi-uat-eus-01",
            "outbound_ip_address_list": [
              "138.91.243.158",
              "138.91.251.247",
              "138.91.249.225",
              "138.91.248.210",
              "138.91.248.20",
              "23.99.86.21",
              "40.112.243.66"
            ],
            "outbound_ip_addresses": "138.91.243.158,138.91.251.247,138.91.249.225,138.91.248.210,138.91.248.20,23.99.86.21,40.112.243.66",
            "possible_outbound_ip_address_list": [
              "138.91.244.219",
              "138.91.245.98",
              "138.91.240.141",
              "138.91.246.37",
              "138.91.241.29",
              "138.91.162.240",
              "138.91.243.158",
              "138.91.251.247",
              "138.91.249.225",
              "138.91.248.210",
              "138.91.248.20",
              "23.99.86.21",
              "138.91.248.132",
              "23.99.86.61",
              "23.99.86.122",
              "138.91.251.255",
              "23.99.86.230",
              "23.99.86.48",
              "23.99.84.6",
              "157.56.167.194",
              "23.99.84.65",
              "23.99.84.85",
              "23.99.84.112",
              "23.99.84.237",
              "104.40.26.248",
              "137.135.49.75",
              "138.91.246.140",
              "138.91.245.60",
              "23.99.84.253",
              "23.99.85.58",
              "40.112.243.66"
            ],
            "possible_outbound_ip_addresses": "138.91.244.219,138.91.245.98,138.91.240.141,138.91.246.37,138.91.241.29,138.91.162.240,138.91.243.158,138.91.251.247,138.91.249.225,138.91.248.210,138.91.248.20,23.99.86.21,138.91.248.132,23.99.86.61,23.99.86.122,138.91.251.255,23.99.86.230,23.99.86.48,23.99.84.6,157.56.167.194,23.99.84.65,23.99.84.85,23.99.84.112,23.99.84.237,104.40.26.248,137.135.49.75,138.91.246.140,138.91.245.60,23.99.84.253,23.99.85.58,40.112.243.66",
            "resource_group_name": "rsg-dwh-uat-01",
            "site_config": [
              {
                "acr_use_managed_identity_credentials": false,
                "acr_user_managed_identity_client_id": "",
                "always_on": false,
                "app_command_line": "",
                "auto_swap_slot_name": "",
                "cors": [],
                "default_documents": [
                  "Default.htm",
                  "Default.html",
                  "Default.asp",
                  "index.htm",
                  "index.html",
                  "iisstart.htm",
                  "default.aspx",
                  "index.php",
                  "hostingstart.html"
                ],
                "dotnet_framework_version": "v4.0",
                "ftps_state": "AllAllowed",
                "health_check_path": "",
                "http2_enabled": false,
                "ip_restriction": [],
                "java_container": "",
                "java_container_version": "",
                "java_version": "",
                "linux_fx_version": "",
                "local_mysql_enabled": false,
                "managed_pipeline_mode": "Integrated",
                "min_tls_version": "1.2",
                "number_of_workers": 1,
                "php_version": "5.6",
                "python_version": "",
                "remote_debugging_enabled": false,
                "remote_debugging_version": "",
                "scm_ip_restriction": [],
                "scm_type": "None",
                "scm_use_main_ip_restriction": false,
                "use_32_bit_worker_process": true,
                "vnet_route_all_enabled": false,
                "websockets_enabled": false,
                "windows_fx_version": ""
              }
            ],
            "site_credential": [
              {
                "password": "g4lNF7fv0HFazsldMFD575FLeKrPG8pPbofsZEekldz8ZpPr7NThgzvsto0t",
                "username": "$app-dwhapi-uat-eus-01"
              }
            ],
            "source_control": [
              {
                "branch": "main",
                "manual_integration": false,
                "repo_url": "",
                "rollback_enabled": false,
                "use_mercurial": false
              }
            ],
            "storage_account": [],
            "tags": null,
            "timeouts": null
          },
          "sensitive_attributes": [],
          "private": "eyJlMmJmYjczMC1lY2FhLTExZTYtOGY4OC0zNDM2M2JjN2M0YzAiOnsiY3JlYXRlIjoxODAwMDAwMDAwMDAwLCJkZWxldGUiOjE4MDAwMDAwMDAwMDAsInJlYWQiOjMwMDAwMDAwMDAwMCwidXBkYXRlIjoxODAwMDAwMDAwMDAwfX0=",
          "dependencies": [
            "azurerm_app_service_plan.appserviceplan",
            "azurerm_resource_group.lab_1"
          ]
        }
      ]
    },
    {
      "mode": "managed",
      "type": "azurerm_app_service_plan",
      "name": "appserviceplan",
      "provider": "provider[\"registry.terraform.io/hashicorp/azurerm\"]",
      "instances": [
        {
          "schema_version": 0,
          "attributes": {
            "app_service_environment_id": "",
            "id": "/subscriptions/ceb56d52-5419-431d-9453-6701a9c46fb6/resourceGroups/rsg-dwh-uat-01/providers/Microsoft.Web/serverfarms/asp-dwh-uat-eus-01",
            "is_xenon": false,
            "kind": "Windows",
            "location": "westus",
            "maximum_elastic_worker_count": 1,
            "maximum_number_of_workers": 30,
            "name": "asp-dwh-uat-eus-01",
            "per_site_scaling": false,
            "reserved": false,
            "resource_group_name": "rsg-dwh-uat-01",
            "sku": [
              {
                "capacity": 1,
                "size": "P1v2",
                "tier": "PremiumV2"
              }
            ],
            "tags": null,
            "timeouts": null,
            "zone_redundant": false
          },
          "sensitive_attributes": [],
          "private": "eyJlMmJmYjczMC1lY2FhLTExZTYtOGY4OC0zNDM2M2JjN2M0YzAiOnsiY3JlYXRlIjozNjAwMDAwMDAwMDAwLCJkZWxldGUiOjM2MDAwMDAwMDAwMDAsInJlYWQiOjMwMDAwMDAwMDAwMCwidXBkYXRlIjozNjAwMDAwMDAwMDAwfX0=",
          "dependencies": [
            "azurerm_resource_group.lab_1"
          ]
        }
      ]
    },
    {
      "mode": "managed",
      "type": "azurerm_data_factory",
      "name": "data_factory_wdh_uat",
      "provider": "provider[\"registry.terraform.io/hashicorp/azurerm\"]",
      "instances": [
        {
          "schema_version": 2,
          "attributes": {
            "customer_managed_key_id": "",
            "customer_managed_key_identity_id": "",
            "github_configuration": [],
            "global_parameter": [],
            "id": "/subscriptions/ceb56d52-5419-431d-9453-6701a9c46fb6/resourceGroups/rsg-dwh-uat-01/providers/Microsoft.DataFactory/factories/adf-dwh-eus-uat",
            "identity": [],
            "location": "westus",
            "managed_virtual_network_enabled": false,
            "name": "adf-dwh-eus-uat",
            "public_network_enabled": true,
            "resource_group_name": "rsg-dwh-uat-01",
            "tags": {},
            "timeouts": null,
            "vsts_configuration": []
          },
          "sensitive_attributes": [],
          "private": "eyJlMmJmYjczMC1lY2FhLTExZTYtOGY4OC0zNDM2M2JjN2M0YzAiOnsiY3JlYXRlIjoxODAwMDAwMDAwMDAwLCJkZWxldGUiOjE4MDAwMDAwMDAwMDAsInJlYWQiOjMwMDAwMDAwMDAwMCwidXBkYXRlIjoxODAwMDAwMDAwMDAwfSwic2NoZW1hX3ZlcnNpb24iOiIyIn0=",
          "dependencies": [
            "azurerm_resource_group.lab_1"
          ]
        }
      ]
    },
    {
      "mode": "managed",
      "type": "azurerm_mssql_database",
      "name": "sqlserverdb",
      "provider": "provider[\"registry.terraform.io/hashicorp/azurerm\"]",
      "instances": [
        {
          "schema_version": 1,
          "attributes": {
            "auto_pause_delay_in_minutes": -1,
            "collation": "SQL_Latin1_General_CP1_CI_AS",
            "create_mode": "Default",
            "creation_source_database_id": null,
            "elastic_pool_id": "",
            "geo_backup_enabled": true,
            "id": "/subscriptions/ceb56d52-5419-431d-9453-6701a9c46fb6/resourceGroups/rsg-dwh-uat-01/providers/Microsoft.Sql/servers/sql-dwh-uat-eus-01/databases/DWH_UAT_1",
            "ledger_enabled": false,
            "license_type": "",
            "long_term_retention_policy": [
              {
                "monthly_retention": "P7Y",
                "week_of_year": 0,
                "weekly_retention": "P7Y",
                "yearly_retention": "PT0S"
              }
            ],
            "max_size_gb": 32,
            "min_capacity": 1,
            "name": "DWH_UAT_1",
            "read_replica_count": 0,
            "read_scale": false,
            "recover_database_id": null,
            "restore_dropped_database_id": null,
            "restore_point_in_time": null,
            "sample_name": null,
            "server_id": "/subscriptions/ceb56d52-5419-431d-9453-6701a9c46fb6/resourceGroups/rsg-dwh-uat-01/providers/Microsoft.Sql/servers/sql-dwh-uat-eus-01",
            "short_term_retention_policy": [
              {
                "retention_days": 35
              }
            ],
            "sku_name": "GP_S_Gen5_1",
            "storage_account_type": "Geo",
            "tags": {
              "environment": "UAT"
            },
            "threat_detection_policy": [
              {
                "disabled_alerts": [],
                "email_account_admins": "Disabled",
                "email_addresses": [],
                "retention_days": 0,
                "state": "Disabled",
                "storage_account_access_key": "",
                "storage_endpoint": ""
              }
            ],
            "timeouts": null,
            "transparent_data_encryption_enabled": true,
            "zone_redundant": false
          },
          "sensitive_attributes": [],
          "private": "eyJlMmJmYjczMC1lY2FhLTExZTYtOGY4OC0zNDM2M2JjN2M0YzAiOnsiY3JlYXRlIjozNjAwMDAwMDAwMDAwLCJkZWxldGUiOjM2MDAwMDAwMDAwMDAsInJlYWQiOjMwMDAwMDAwMDAwMCwidXBkYXRlIjozNjAwMDAwMDAwMDAwfSwic2NoZW1hX3ZlcnNpb24iOiIxIn0=",
          "dependencies": [
            "azurerm_mssql_server.sqlserver"
          ]
        }
      ]
    },
    {
      "mode": "managed",
      "type": "azurerm_mssql_server",
      "name": "sqlserver",
      "provider": "provider[\"registry.terraform.io/hashicorp/azurerm\"]",
      "instances": [
        {
          "schema_version": 0,
          "attributes": {
            "administrator_login": "wafra-admin",
            "administrator_login_password": "Microsoft1@_2021$%",
            "azuread_administrator": [
              {
                "azuread_authentication_only": false,
                "login_username": "SVC Security Admin",
                "object_id": "538f5d38-a638-413a-b4ab-e45d587c9bc7",
                "tenant_id": "4f514b5d-1cb7-4d6d-87aa-b8adb124c94c"
              }
            ],
            "connection_policy": "Default",
            "fully_qualified_domain_name": "sql-dwh-uat-eus-01.database.windows.net",
            "id": "/subscriptions/ceb56d52-5419-431d-9453-6701a9c46fb6/resourceGroups/rsg-dwh-uat-01/providers/Microsoft.Sql/servers/sql-dwh-uat-eus-01",
            "identity": [
              {
                "identity_ids": [],
                "principal_id": "4d5c009e-e8ca-4247-a116-22fae48eb55a",
                "tenant_id": "4f514b5d-1cb7-4d6d-87aa-b8adb124c94c",
                "type": "SystemAssigned"
              }
            ],
            "location": "westus",
            "minimum_tls_version": "1.2",
            "name": "sql-dwh-uat-eus-01",
            "outbound_network_restriction_enabled": false,
            "primary_user_assigned_identity_id": "",
            "public_network_access_enabled": false,
            "resource_group_name": "rsg-dwh-uat-01",
            "restorable_dropped_database_ids": [],
            "tags": {
              "environment": "UAT"
            },
            "timeouts": null,
            "version": "12.0"
          },
          "sensitive_attributes": [],
          "private": "eyJlMmJmYjczMC1lY2FhLTExZTYtOGY4OC0zNDM2M2JjN2M0YzAiOnsiY3JlYXRlIjozNjAwMDAwMDAwMDAwLCJkZWxldGUiOjM2MDAwMDAwMDAwMDAsInJlYWQiOjMwMDAwMDAwMDAwMCwidXBkYXRlIjozNjAwMDAwMDAwMDAwfX0=",
          "dependencies": [
            "azurerm_resource_group.lab_1"
          ]
        }
      ]
    },
    {
      "mode": "managed",
      "type": "azurerm_mssql_server_extended_auditing_policy",
      "name": "sqlauditpolicy",
      "provider": "provider[\"registry.terraform.io/hashicorp/azurerm\"]",
      "instances": [
        {
          "schema_version": 0,
          "attributes": {
            "enabled": true,
            "id": "/subscriptions/ceb56d52-5419-431d-9453-6701a9c46fb6/resourceGroups/rsg-dwh-uat-01/providers/Microsoft.Sql/servers/sql-dwh-uat-eus-01/extendedAuditingSettings/Default",
            "log_monitoring_enabled": true,
            "retention_in_days": 6,
            "server_id": "/subscriptions/ceb56d52-5419-431d-9453-6701a9c46fb6/resourceGroups/rsg-dwh-uat-01/providers/Microsoft.Sql/servers/sql-dwh-uat-eus-01",
            "storage_account_access_key": "Dw0dzEfEcB95fr11+2xWjP7T/wG0i2ym0znzUrHKjZiG5xiYI9PuRtMs/Hs4tzzSoNrTYxJuXGgqd62D2PN2KA==",
            "storage_account_access_key_is_secondary": false,
            "storage_account_subscription_id": null,
            "storage_endpoint": "https://stsqldwhuateus01.blob.core.windows.net/",
            "timeouts": null
          },
          "sensitive_attributes": [
            [
              {
                "type": "get_attr",
                "value": "storage_account_access_key"
              }
            ]
          ],
          "private": "eyJlMmJmYjczMC1lY2FhLTExZTYtOGY4OC0zNDM2M2JjN2M0YzAiOnsiY3JlYXRlIjoxODAwMDAwMDAwMDAwLCJkZWxldGUiOjE4MDAwMDAwMDAwMDAsInJlYWQiOjMwMDAwMDAwMDAwMCwidXBkYXRlIjoxODAwMDAwMDAwMDAwfX0=",
          "dependencies": [
            "azurerm_mssql_server.sqlserver",
            "azurerm_resource_group.lab_1",
            "azurerm_storage_account.storage_sql_log"
          ]
        }
      ]
    },
    {
      "mode": "managed",
      "type": "azurerm_network_security_group",
      "name": "nsg",
      "provider": "provider[\"registry.terraform.io/hashicorp/azurerm\"]",
      "instances": [
        {
          "schema_version": 0,
          "attributes": {
            "id": "/subscriptions/ceb56d52-5419-431d-9453-6701a9c46fb6/resourceGroups/rsg-dwh-uat-01/providers/Microsoft.Network/networkSecurityGroups/NSGVSNEUSUAT01",
            "location": "eastus2",
            "name": "NSGVSNEUSUAT01",
            "resource_group_name": "rsg-dwh-uat-01",
            "security_rule": [],
            "tags": {},
            "timeouts": null
          },
          "sensitive_attributes": [],
          "private": "eyJlMmJmYjczMC1lY2FhLTExZTYtOGY4OC0zNDM2M2JjN2M0YzAiOnsiY3JlYXRlIjoxODAwMDAwMDAwMDAwLCJkZWxldGUiOjE4MDAwMDAwMDAwMDAsInJlYWQiOjMwMDAwMDAwMDAwMCwidXBkYXRlIjoxODAwMDAwMDAwMDAwfX0=",
          "dependencies": [
            "azurerm_resource_group.lab_1",
            "azurerm_virtual_network.dbvnet"
          ]
        }
      ]
    },
    {
      "mode": "managed",
      "type": "azurerm_private_endpoint",
      "name": "sqlprivatelink",
      "provider": "provider[\"registry.terraform.io/hashicorp/azurerm\"]",
      "instances": [
        {
          "schema_version": 0,
          "attributes": {
            "custom_dns_configs": [
              {
                "fqdn": "sql-dwh-uat-eus-01.database.windows.net",
                "ip_addresses": [
                  "10.4.0.20"
                ]
              }
            ],
            "id": "/subscriptions/ceb56d52-5419-431d-9453-6701a9c46fb6/resourceGroups/rsg-dwh-uat-01/providers/Microsoft.Network/privateEndpoints/pl-sql-dwh-uat-eus-01",
            "location": "eastus2",
            "name": "pl-sql-dwh-uat-eus-01",
            "network_interface": [
              {
                "id": "/subscriptions/ceb56d52-5419-431d-9453-6701a9c46fb6/resourceGroups/rsg-dwh-uat-01/providers/Microsoft.Network/networkInterfaces/pl-sql-dwh-uat-eus-01.nic.ca2cdc81-b98b-4463-b56f-71dc5dbd3424",
                "name": "pl-sql-dwh-uat-eus-01.nic.ca2cdc81-b98b-4463-b56f-71dc5dbd3424"
              }
            ],
            "private_dns_zone_configs": [],
            "private_dns_zone_group": [],
            "private_service_connection": [
              {
                "is_manual_connection": false,
                "name": "example-privateserviceconnection",
                "private_connection_resource_alias": "",
                "private_connection_resource_id": "/subscriptions/ceb56d52-5419-431d-9453-6701a9c46fb6/resourceGroups/rsg-dwh-uat-01/providers/Microsoft.Sql/servers/sql-dwh-uat-eus-01",
                "private_ip_address": "10.4.0.20",
                "request_message": "",
                "subresource_names": [
                  "sqlserver"
                ]
              }
            ],
            "resource_group_name": "rsg-dwh-uat-01",
            "subnet_id": "/subscriptions/ceb56d52-5419-431d-9453-6701a9c46fb6/resourceGroups/rg-vc-aa-us/providers/Microsoft.Network/virtualNetworks/VC-VNET-01/subnets/VSNEastUS-Databases",
            "tags": {},
            "timeouts": null
          },
          "sensitive_attributes": [],
          "private": "eyJlMmJmYjczMC1lY2FhLTExZTYtOGY4OC0zNDM2M2JjN2M0YzAiOnsiY3JlYXRlIjozNjAwMDAwMDAwMDAwLCJkZWxldGUiOjM2MDAwMDAwMDAwMDAsInJlYWQiOjMwMDAwMDAwMDAwMCwidXBkYXRlIjozNjAwMDAwMDAwMDAwfX0=",
          "dependencies": [
            "azurerm_mssql_server.sqlserver",
            "azurerm_resource_group.lab_1",
            "azurerm_virtual_network.dbvnet"
          ]
        }
      ]
    },
    {
      "mode": "managed",
      "type": "azurerm_resource_group",
      "name": "lab_1",
      "provider": "provider[\"registry.terraform.io/hashicorp/azurerm\"]",
      "instances": [
        {
          "schema_version": 0,
          "attributes": {
            "id": "/subscriptions/ceb56d52-5419-431d-9453-6701a9c46fb6/resourceGroups/rsg-dwh-uat-01",
            "location": "westus",
            "name": "rsg-dwh-uat-01",
            "tags": {},
            "timeouts": null
          },
          "sensitive_attributes": [],
          "private": "eyJlMmJmYjczMC1lY2FhLTExZTYtOGY4OC0zNDM2M2JjN2M0YzAiOnsiY3JlYXRlIjo1NDAwMDAwMDAwMDAwLCJkZWxldGUiOjU0MDAwMDAwMDAwMDAsInJlYWQiOjMwMDAwMDAwMDAwMCwidXBkYXRlIjo1NDAwMDAwMDAwMDAwfX0="
        }
      ]
    },
    {
      "mode": "managed",
      "type": "azurerm_storage_account",
      "name": "storage_sql_log",
      "provider": "provider[\"registry.terraform.io/hashicorp/azurerm\"]",
      "instances": [
        {
          "schema_version": 3,
          "attributes": {
            "access_tier": "Hot",
            "account_kind": "StorageV2",
            "account_replication_type": "LRS",
            "account_tier": "Standard",
            "allow_nested_items_to_be_public": true,
            "azure_files_authentication": [],
            "blob_properties": [
              {
                "change_feed_enabled": false,
                "container_delete_retention_policy": [],
                "cors_rule": [],
                "default_service_version": "",
                "delete_retention_policy": [],
                "last_access_time_enabled": false,
                "versioning_enabled": false
              }
            ],
            "custom_domain": [],
            "customer_managed_key": [],
            "edge_zone": "",
            "enable_https_traffic_only": true,
            "id": "/subscriptions/ceb56d52-5419-431d-9453-6701a9c46fb6/resourceGroups/rsg-dwh-uat-01/providers/Microsoft.Storage/storageAccounts/stsqldwhuateus01",
            "identity": [],
            "infrastructure_encryption_enabled": false,
            "is_hns_enabled": false,
            "large_file_share_enabled": null,
            "location": "westus",
            "min_tls_version": "TLS1_2",
            "name": "stsqldwhuateus01",
            "network_rules": [
              {
                "bypass": [
                  "AzureServices"
                ],
                "default_action": "Allow",
                "ip_rules": [],
                "private_link_access": [],
                "virtual_network_subnet_ids": []
              }
            ],
            "nfsv3_enabled": false,
            "primary_access_key": "Dw0dzEfEcB95fr11+2xWjP7T/wG0i2ym0znzUrHKjZiG5xiYI9PuRtMs/Hs4tzzSoNrTYxJuXGgqd62D2PN2KA==",
            "primary_blob_connection_string": "DefaultEndpointsProtocol=https;BlobEndpoint=https://stsqldwhuateus01.blob.core.windows.net/;AccountName=stsqldwhuateus01;AccountKey=Dw0dzEfEcB95fr11+2xWjP7T/wG0i2ym0znzUrHKjZiG5xiYI9PuRtMs/Hs4tzzSoNrTYxJuXGgqd62D2PN2KA==",
            "primary_blob_endpoint": "https://stsqldwhuateus01.blob.core.windows.net/",
            "primary_blob_host": "stsqldwhuateus01.blob.core.windows.net",
            "primary_connection_string": "DefaultEndpointsProtocol=https;AccountName=stsqldwhuateus01;AccountKey=Dw0dzEfEcB95fr11+2xWjP7T/wG0i2ym0znzUrHKjZiG5xiYI9PuRtMs/Hs4tzzSoNrTYxJuXGgqd62D2PN2KA==;EndpointSuffix=core.windows.net",
            "primary_dfs_endpoint": "https://stsqldwhuateus01.dfs.core.windows.net/",
            "primary_dfs_host": "stsqldwhuateus01.dfs.core.windows.net",
            "primary_file_endpoint": "https://stsqldwhuateus01.file.core.windows.net/",
            "primary_file_host": "stsqldwhuateus01.file.core.windows.net",
            "primary_location": "westus",
            "primary_queue_endpoint": "https://stsqldwhuateus01.queue.core.windows.net/",
            "primary_queue_host": "stsqldwhuateus01.queue.core.windows.net",
            "primary_table_endpoint": "https://stsqldwhuateus01.table.core.windows.net/",
            "primary_table_host": "stsqldwhuateus01.table.core.windows.net",
            "primary_web_endpoint": "https://stsqldwhuateus01.z22.web.core.windows.net/",
            "primary_web_host": "stsqldwhuateus01.z22.web.core.windows.net",
            "queue_encryption_key_type": "Service",
            "queue_properties": [
              {
                "cors_rule": [],
                "hour_metrics": [
                  {
                    "enabled": true,
                    "include_apis": true,
                    "retention_policy_days": 7,
                    "version": "1.0"
                  }
                ],
                "logging": [
                  {
                    "delete": false,
                    "read": false,
                    "retention_policy_days": 0,
                    "version": "1.0",
                    "write": false
                  }
                ],
                "minute_metrics": [
                  {
                    "enabled": false,
                    "include_apis": false,
                    "retention_policy_days": 0,
                    "version": "1.0"
                  }
                ]
              }
            ],
            "resource_group_name": "rsg-dwh-uat-01",
            "routing": [],
            "secondary_access_key": "MPTmJ/sxZuIDv+vzgNrlqjm5wHSccfWBgJwJGTuCqMbFwXvOqreLhFCdr4f64QCEuxtB7F/62gHqOb7sRaaeKw==",
            "secondary_blob_connection_string": "",
            "secondary_blob_endpoint": null,
            "secondary_blob_host": null,
            "secondary_connection_string": "DefaultEndpointsProtocol=https;AccountName=stsqldwhuateus01;AccountKey=MPTmJ/sxZuIDv+vzgNrlqjm5wHSccfWBgJwJGTuCqMbFwXvOqreLhFCdr4f64QCEuxtB7F/62gHqOb7sRaaeKw==;EndpointSuffix=core.windows.net",
            "secondary_dfs_endpoint": null,
            "secondary_dfs_host": null,
            "secondary_file_endpoint": null,
            "secondary_file_host": null,
            "secondary_location": "",
            "secondary_queue_endpoint": null,
            "secondary_queue_host": null,
            "secondary_table_endpoint": null,
            "secondary_table_host": null,
            "secondary_web_endpoint": null,
            "secondary_web_host": null,
            "share_properties": [
              {
                "cors_rule": [],
                "retention_policy": [
                  {
                    "days": 7
                  }
                ],
                "smb": []
              }
            ],
            "shared_access_key_enabled": true,
            "static_website": [],
            "table_encryption_key_type": "Service",
            "tags": {},
            "timeouts": null
          },
          "sensitive_attributes": [],
          "private": "eyJlMmJmYjczMC1lY2FhLTExZTYtOGY4OC0zNDM2M2JjN2M0YzAiOnsiY3JlYXRlIjozNjAwMDAwMDAwMDAwLCJkZWxldGUiOjM2MDAwMDAwMDAwMDAsInJlYWQiOjMwMDAwMDAwMDAwMCwidXBkYXRlIjozNjAwMDAwMDAwMDAwfSwic2NoZW1hX3ZlcnNpb24iOiIzIn0=",
          "dependencies": [
            "azurerm_resource_group.lab_1"
          ]
        }
      ]
    },
    {
      "mode": "managed",
      "type": "azurerm_subnet_network_security_group_association",
      "name": "nsg_to_subnet",
      "provider": "provider[\"registry.terraform.io/hashicorp/azurerm\"]",
      "instances": [
        {
          "schema_version": 0,
          "attributes": {
            "id": "/subscriptions/ceb56d52-5419-431d-9453-6701a9c46fb6/resourceGroups/rg-vc-aa-us/providers/Microsoft.Network/virtualNetworks/VC-VNET-01/subnets/VSNEastUS-Databases",
            "network_security_group_id": "/subscriptions/ceb56d52-5419-431d-9453-6701a9c46fb6/resourceGroups/rsg-dwh-uat-01/providers/Microsoft.Network/networkSecurityGroups/NSGVSNEUSUAT01",
            "subnet_id": "/subscriptions/ceb56d52-5419-431d-9453-6701a9c46fb6/resourceGroups/rg-vc-aa-us/providers/Microsoft.Network/virtualNetworks/VC-VNET-01/subnets/VSNEastUS-Databases",
            "timeouts": null
          },
          "sensitive_attributes": [],
          "private": "eyJlMmJmYjczMC1lY2FhLTExZTYtOGY4OC0zNDM2M2JjN2M0YzAiOnsiY3JlYXRlIjoxODAwMDAwMDAwMDAwLCJkZWxldGUiOjE4MDAwMDAwMDAwMDAsInJlYWQiOjMwMDAwMDAwMDAwMCwidXBkYXRlIjoxODAwMDAwMDAwMDAwfX0=",
          "dependencies": [
            "azurerm_network_security_group.nsg"
          ]
        }
      ]
    },
    {
      "mode": "managed",
      "type": "azurerm_virtual_network",
      "name": "dbvnet",
      "provider": "provider[\"registry.terraform.io/hashicorp/azurerm\"]",
      "instances": [
        {
          "schema_version": 0,
          "attributes": {
            "address_space": [
              "10.4.0.0/24"
            ],
            "bgp_community": "",
            "ddos_protection_plan": [],
            "dns_servers": [],
            "edge_zone": "",
            "flow_timeout_in_minutes": 0,
            "guid": "6eeb5813-ca66-4027-bd14-0d4577c39cd5",
            "id": "/subscriptions/ceb56d52-5419-431d-9453-6701a9c46fb6/resourceGroups/rg-vc-aa-us/providers/Microsoft.Network/virtualNetworks/VC-VNET-01",
            "location": "eastus2",
            "name": "VC-VNET-01",
            "resource_group_name": "rg-vc-aa-us",
            "subnet": [
              {
                "address_prefix": "10.4.0.0/28",
                "id": "/subscriptions/ceb56d52-5419-431d-9453-6701a9c46fb6/resourceGroups/rg-vc-aa-us/providers/Microsoft.Network/virtualNetworks/VC-VNET-01/subnets/TEST",
                "name": "TEST",
                "security_group": "/subscriptions/ceb56d52-5419-431d-9453-6701a9c46fb6/resourceGroups/rg-vc-aa-us/providers/Microsoft.Network/networkSecurityGroups/VC-VNET-NSG-01"
              },
              {
                "address_prefix": "10.4.0.16/28",
                "id": "/subscriptions/ceb56d52-5419-431d-9453-6701a9c46fb6/resourceGroups/rg-vc-aa-us/providers/Microsoft.Network/virtualNetworks/VC-VNET-01/subnets/VSNEastUS-Databases",
                "name": "VSNEastUS-Databases",
                "security_group": ""
              },
              {
                "address_prefix": "10.4.0.64/26",
                "id": "/subscriptions/ceb56d52-5419-431d-9453-6701a9c46fb6/resourceGroups/rg-vc-aa-us/providers/Microsoft.Network/virtualNetworks/VC-VNET-01/subnets/AzureFirewallSubnet",
                "name": "AzureFirewallSubnet",
                "security_group": ""
              }
            ],
            "tags": {},
            "timeouts": {
              "create": null,
              "delete": null,
              "read": null,
              "update": null
            }
          },
          "sensitive_attributes": [],
          "private": "eyJlMmJmYjczMC1lY2FhLTExZTYtOGY4OC0zNDM2M2JjN2M0YzAiOnsiY3JlYXRlIjoxODAwMDAwMDAwMDAwLCJkZWxldGUiOjE4MDAwMDAwMDAwMDAsInJlYWQiOjMwMDAwMDAwMDAwMCwidXBkYXRlIjoxODAwMDAwMDAwMDAwfX0="
        }
      ]
    }
  ]
}
