{
  "version": 4,
  "terraform_version": "1.1.7",
  "serial": 121,
  "lineage": "1964d563-e7f5-6d14-bcc5-4d1f871b78fc",
  "outputs": {},
  "resources": [
    {
      "mode": "managed",
      "type": "azurerm_data_factory",
      "name": "data_factory_wdh_uat",
      "provider": "provider[\"registry.terraform.io/hashicorp/azurerm\"]",
      "instances": [
        {
          "schema_version": 2,
          "attributes": {
            "customer_managed_key_id": "",
            "customer_managed_key_identity_id": "",
            "github_configuration": [],
            "global_parameter": [],
            "id": "/subscriptions/ceb56d52-5419-431d-9453-6701a9c46fb6/resourceGroups/rsg-dwh-uat-01/providers/Microsoft.DataFactory/factories/adf-dwh-eus-uat",
            "identity": [],
            "location": "westus",
            "managed_virtual_network_enabled": false,
            "name": "adf-dwh-eus-uat",
            "public_network_enabled": true,
            "resource_group_name": "rsg-dwh-uat-01",
            "tags": null,
            "timeouts": null,
            "vsts_configuration": []
          },
          "sensitive_attributes": [],
          "private": "eyJlMmJmYjczMC1lY2FhLTExZTYtOGY4OC0zNDM2M2JjN2M0YzAiOnsiY3JlYXRlIjoxODAwMDAwMDAwMDAwLCJkZWxldGUiOjE4MDAwMDAwMDAwMDAsInJlYWQiOjMwMDAwMDAwMDAwMCwidXBkYXRlIjoxODAwMDAwMDAwMDAwfSwic2NoZW1hX3ZlcnNpb24iOiIyIn0=",
          "dependencies": [
            "azurerm_resource_group.lab_1"
          ]
        }
      ]
    },
    {
      "mode": "managed",
      "type": "azurerm_mssql_database",
      "name": "sqlserverdb",
      "provider": "provider[\"registry.terraform.io/hashicorp/azurerm\"]",
      "instances": [
        {
          "schema_version": 1,
          "attributes": {
            "auto_pause_delay_in_minutes": -1,
            "collation": "SQL_Latin1_General_CP1_CI_AS",
            "create_mode": "Default",
            "creation_source_database_id": null,
            "elastic_pool_id": "",
            "geo_backup_enabled": true,
            "id": "/subscriptions/ceb56d52-5419-431d-9453-6701a9c46fb6/resourceGroups/rsg-dwh-uat-01/providers/Microsoft.Sql/servers/sql-dwh-uat-eus-01/databases/DWH_UAT_1",
            "ledger_enabled": false,
            "license_type": "",
            "long_term_retention_policy": [
              {
                "monthly_retention": "P7Y",
                "week_of_year": 0,
                "weekly_retention": "P7Y",
                "yearly_retention": "PT0S"
              }
            ],
            "max_size_gb": 32,
            "min_capacity": 1,
            "name": "DWH_UAT_1",
            "read_replica_count": 0,
            "read_scale": false,
            "recover_database_id": null,
            "restore_dropped_database_id": null,
            "restore_point_in_time": null,
            "sample_name": null,
            "server_id": "/subscriptions/ceb56d52-5419-431d-9453-6701a9c46fb6/resourceGroups/rsg-dwh-uat-01/providers/Microsoft.Sql/servers/sql-dwh-uat-eus-01",
            "short_term_retention_policy": [
              {
                "retention_days": 35
              }
            ],
            "sku_name": "GP_S_Gen5_1",
            "storage_account_type": "Geo",
            "tags": {
              "environment": "UAT"
            },
            "threat_detection_policy": [
              {
                "disabled_alerts": [],
                "email_account_admins": "Disabled",
                "email_addresses": [],
                "retention_days": 0,
                "state": "Disabled",
                "storage_account_access_key": "",
                "storage_endpoint": ""
              }
            ],
            "timeouts": null,
            "transparent_data_encryption_enabled": true,
            "zone_redundant": false
          },
          "sensitive_attributes": [],
          "private": "eyJlMmJmYjczMC1lY2FhLTExZTYtOGY4OC0zNDM2M2JjN2M0YzAiOnsiY3JlYXRlIjozNjAwMDAwMDAwMDAwLCJkZWxldGUiOjM2MDAwMDAwMDAwMDAsInJlYWQiOjMwMDAwMDAwMDAwMCwidXBkYXRlIjozNjAwMDAwMDAwMDAwfSwic2NoZW1hX3ZlcnNpb24iOiIxIn0=",
          "dependencies": [
            "azurerm_mssql_server.sqlserver",
            "azurerm_resource_group.lab_1"
          ]
        }
      ]
    },
    {
      "mode": "managed",
      "type": "azurerm_mssql_server",
      "name": "sqlserver",
      "provider": "provider[\"registry.terraform.io/hashicorp/azurerm\"]",
      "instances": [
        {
          "schema_version": 0,
          "attributes": {
            "administrator_login": "wafra-admin",
            "administrator_login_password": "Microsoft1@_2021$%",
            "azuread_administrator": [
              {
                "azuread_authentication_only": false,
                "login_username": "SVC Security Admin",
                "object_id": "538f5d38-a638-413a-b4ab-e45d587c9bc7",
                "tenant_id": "4f514b5d-1cb7-4d6d-87aa-b8adb124c94c"
              }
            ],
            "connection_policy": "Default",
            "fully_qualified_domain_name": "sql-dwh-uat-eus-01.database.windows.net",
            "id": "/subscriptions/ceb56d52-5419-431d-9453-6701a9c46fb6/resourceGroups/rsg-dwh-uat-01/providers/Microsoft.Sql/servers/sql-dwh-uat-eus-01",
            "identity": [
              {
                "identity_ids": null,
                "principal_id": "4d5c009e-e8ca-4247-a116-22fae48eb55a",
                "tenant_id": "4f514b5d-1cb7-4d6d-87aa-b8adb124c94c",
                "type": "SystemAssigned"
              }
            ],
            "location": "westus",
            "minimum_tls_version": "1.2",
            "name": "sql-dwh-uat-eus-01",
            "outbound_network_restriction_enabled": false,
            "primary_user_assigned_identity_id": "",
            "public_network_access_enabled": false,
            "resource_group_name": "rsg-dwh-uat-01",
            "restorable_dropped_database_ids": [],
            "tags": {
              "environment": "UAT"
            },
            "timeouts": null,
            "version": "12.0"
          },
          "sensitive_attributes": [],
          "private": "eyJlMmJmYjczMC1lY2FhLTExZTYtOGY4OC0zNDM2M2JjN2M0YzAiOnsiY3JlYXRlIjozNjAwMDAwMDAwMDAwLCJkZWxldGUiOjM2MDAwMDAwMDAwMDAsInJlYWQiOjMwMDAwMDAwMDAwMCwidXBkYXRlIjozNjAwMDAwMDAwMDAwfX0=",
          "dependencies": [
            "azurerm_resource_group.lab_1"
          ]
        }
      ]
    },
    {
      "mode": "managed",
      "type": "azurerm_mssql_server_extended_auditing_policy",
      "name": "sqlauditpolicy",
      "provider": "provider[\"registry.terraform.io/hashicorp/azurerm\"]",
      "instances": [
        {
          "schema_version": 0,
          "attributes": {
            "enabled": true,
            "id": "/subscriptions/ceb56d52-5419-431d-9453-6701a9c46fb6/resourceGroups/rsg-dwh-uat-01/providers/Microsoft.Sql/servers/sql-dwh-uat-eus-01/extendedAuditingSettings/Default",
            "log_monitoring_enabled": true,
            "retention_in_days": 6,
            "server_id": "/subscriptions/ceb56d52-5419-431d-9453-6701a9c46fb6/resourceGroups/rsg-dwh-uat-01/providers/Microsoft.Sql/servers/sql-dwh-uat-eus-01",
            "storage_account_access_key": "Dw0dzEfEcB95fr11+2xWjP7T/wG0i2ym0znzUrHKjZiG5xiYI9PuRtMs/Hs4tzzSoNrTYxJuXGgqd62D2PN2KA==",
            "storage_account_access_key_is_secondary": false,
            "storage_account_subscription_id": null,
            "storage_endpoint": "https://stsqldwhuateus01.blob.core.windows.net/",
            "timeouts": null
          },
          "sensitive_attributes": [
            [
              {
                "type": "get_attr",
                "value": "storage_account_access_key"
              }
            ]
          ],
          "private": "eyJlMmJmYjczMC1lY2FhLTExZTYtOGY4OC0zNDM2M2JjN2M0YzAiOnsiY3JlYXRlIjoxODAwMDAwMDAwMDAwLCJkZWxldGUiOjE4MDAwMDAwMDAwMDAsInJlYWQiOjMwMDAwMDAwMDAwMCwidXBkYXRlIjoxODAwMDAwMDAwMDAwfX0=",
          "dependencies": [
            "azurerm_mssql_server.sqlserver",
            "azurerm_resource_group.lab_1",
            "azurerm_storage_account.storage_sql_log"
          ]
        }
      ]
    },
    {
      "mode": "managed",
      "type": "azurerm_network_security_group",
      "name": "nsg",
      "provider": "provider[\"registry.terraform.io/hashicorp/azurerm\"]",
      "instances": [
        {
          "schema_version": 0,
          "attributes": {
            "id": "/subscriptions/ceb56d52-5419-431d-9453-6701a9c46fb6/resourceGroups/rsg-dwh-uat-01/providers/Microsoft.Network/networkSecurityGroups/NSGVSNEUSUAT01",
            "location": "eastus2",
            "name": "NSGVSNEUSUAT01",
            "resource_group_name": "rsg-dwh-uat-01",
            "security_rule": [],
            "tags": {},
            "timeouts": null
          },
          "sensitive_attributes": [],
          "private": "eyJlMmJmYjczMC1lY2FhLTExZTYtOGY4OC0zNDM2M2JjN2M0YzAiOnsiY3JlYXRlIjoxODAwMDAwMDAwMDAwLCJkZWxldGUiOjE4MDAwMDAwMDAwMDAsInJlYWQiOjMwMDAwMDAwMDAwMCwidXBkYXRlIjoxODAwMDAwMDAwMDAwfX0=",
          "dependencies": [
            "azurerm_resource_group.lab_1",
            "azurerm_virtual_network.dbvnet"
          ]
        }
      ]
    },
    {
      "mode": "managed",
      "type": "azurerm_private_endpoint",
      "name": "sqlprivatelink",
      "provider": "provider[\"registry.terraform.io/hashicorp/azurerm\"]",
      "instances": [
        {
          "schema_version": 0,
          "attributes": {
            "custom_dns_configs": [
              {
                "fqdn": "sql-dwh-uat-eus-01.database.windows.net",
                "ip_addresses": [
                  "10.4.0.20"
                ]
              }
            ],
            "id": "/subscriptions/ceb56d52-5419-431d-9453-6701a9c46fb6/resourceGroups/rsg-dwh-uat-01/providers/Microsoft.Network/privateEndpoints/pl-sql-dwh-uat-eus-01",
            "location": "eastus2",
            "name": "pl-sql-dwh-uat-eus-01",
            "network_interface": [
              {
                "id": "/subscriptions/ceb56d52-5419-431d-9453-6701a9c46fb6/resourceGroups/rsg-dwh-uat-01/providers/Microsoft.Network/networkInterfaces/pl-sql-dwh-uat-eus-01.nic.ca2cdc81-b98b-4463-b56f-71dc5dbd3424",
                "name": "pl-sql-dwh-uat-eus-01.nic.ca2cdc81-b98b-4463-b56f-71dc5dbd3424"
              }
            ],
            "private_dns_zone_configs": [],
            "private_dns_zone_group": [],
            "private_service_connection": [
              {
                "is_manual_connection": false,
                "name": "example-privateserviceconnection",
                "private_connection_resource_alias": "",
                "private_connection_resource_id": "/subscriptions/ceb56d52-5419-431d-9453-6701a9c46fb6/resourceGroups/rsg-dwh-uat-01/providers/Microsoft.Sql/servers/sql-dwh-uat-eus-01",
                "private_ip_address": "10.4.0.20",
                "request_message": "",
                "subresource_names": [
                  "sqlserver"
                ]
              }
            ],
            "resource_group_name": "rsg-dwh-uat-01",
            "subnet_id": "/subscriptions/ceb56d52-5419-431d-9453-6701a9c46fb6/resourceGroups/rg-vc-aa-us/providers/Microsoft.Network/virtualNetworks/VC-VNET-01/subnets/VSNEastUS-Databases",
            "tags": null,
            "timeouts": null
          },
          "sensitive_attributes": [],
          "private": "eyJlMmJmYjczMC1lY2FhLTExZTYtOGY4OC0zNDM2M2JjN2M0YzAiOnsiY3JlYXRlIjozNjAwMDAwMDAwMDAwLCJkZWxldGUiOjM2MDAwMDAwMDAwMDAsInJlYWQiOjMwMDAwMDAwMDAwMCwidXBkYXRlIjozNjAwMDAwMDAwMDAwfX0=",
          "dependencies": [
            "azurerm_mssql_server.sqlserver",
            "azurerm_resource_group.lab_1",
            "azurerm_virtual_network.dbvnet"
          ]
        }
      ]
    },
    {
      "mode": "managed",
      "type": "azurerm_resource_group",
      "name": "lab_1",
      "provider": "provider[\"registry.terraform.io/hashicorp/azurerm\"]",
      "instances": [
        {
          "schema_version": 0,
          "attributes": {
            "id": "/subscriptions/ceb56d52-5419-431d-9453-6701a9c46fb6/resourceGroups/rsg-dwh-uat-01",
            "location": "westus",
            "name": "rsg-dwh-uat-01",
            "tags": {},
            "timeouts": null
          },
          "sensitive_attributes": [],
          "private": "eyJlMmJmYjczMC1lY2FhLTExZTYtOGY4OC0zNDM2M2JjN2M0YzAiOnsiY3JlYXRlIjo1NDAwMDAwMDAwMDAwLCJkZWxldGUiOjU0MDAwMDAwMDAwMDAsInJlYWQiOjMwMDAwMDAwMDAwMCwidXBkYXRlIjo1NDAwMDAwMDAwMDAwfX0="
        }
      ]
    },
    {
      "mode": "managed",
      "type": "azurerm_storage_account",
      "name": "storage_sql_log",
      "provider": "provider[\"registry.terraform.io/hashicorp/azurerm\"]",
      "instances": [
        {
          "schema_version": 3,
          "attributes": {
            "access_tier": "Hot",
            "account_kind": "StorageV2",
            "account_replication_type": "LRS",
            "account_tier": "Standard",
            "allow_nested_items_to_be_public": true,
            "azure_files_authentication": [],
            "blob_properties": [
              {
                "change_feed_enabled": false,
                "container_delete_retention_policy": [],
                "cors_rule": [],
                "default_service_version": "",
                "delete_retention_policy": [],
                "last_access_time_enabled": false,
                "versioning_enabled": false
              }
            ],
            "custom_domain": [],
            "customer_managed_key": [],
            "edge_zone": "",
            "enable_https_traffic_only": true,
            "id": "/subscriptions/ceb56d52-5419-431d-9453-6701a9c46fb6/resourceGroups/rsg-dwh-uat-01/providers/Microsoft.Storage/storageAccounts/stsqldwhuateus01",
            "identity": [],
            "infrastructure_encryption_enabled": false,
            "is_hns_enabled": false,
            "large_file_share_enabled": null,
            "location": "westus",
            "min_tls_version": "TLS1_2",
            "name": "stsqldwhuateus01",
            "network_rules": [
              {
                "bypass": [
                  "AzureServices"
                ],
                "default_action": "Allow",
                "ip_rules": [],
                "private_link_access": [],
                "virtual_network_subnet_ids": []
              }
            ],
            "nfsv3_enabled": false,
            "primary_access_key": "Dw0dzEfEcB95fr11+2xWjP7T/wG0i2ym0znzUrHKjZiG5xiYI9PuRtMs/Hs4tzzSoNrTYxJuXGgqd62D2PN2KA==",
            "primary_blob_connection_string": "DefaultEndpointsProtocol=https;BlobEndpoint=https://stsqldwhuateus01.blob.core.windows.net/;AccountName=stsqldwhuateus01;AccountKey=Dw0dzEfEcB95fr11+2xWjP7T/wG0i2ym0znzUrHKjZiG5xiYI9PuRtMs/Hs4tzzSoNrTYxJuXGgqd62D2PN2KA==",
            "primary_blob_endpoint": "https://stsqldwhuateus01.blob.core.windows.net/",
            "primary_blob_host": "stsqldwhuateus01.blob.core.windows.net",
            "primary_connection_string": "DefaultEndpointsProtocol=https;AccountName=stsqldwhuateus01;AccountKey=Dw0dzEfEcB95fr11+2xWjP7T/wG0i2ym0znzUrHKjZiG5xiYI9PuRtMs/Hs4tzzSoNrTYxJuXGgqd62D2PN2KA==;EndpointSuffix=core.windows.net",
            "primary_dfs_endpoint": "https://stsqldwhuateus01.dfs.core.windows.net/",
            "primary_dfs_host": "stsqldwhuateus01.dfs.core.windows.net",
            "primary_file_endpoint": "https://stsqldwhuateus01.file.core.windows.net/",
            "primary_file_host": "stsqldwhuateus01.file.core.windows.net",
            "primary_location": "westus",
            "primary_queue_endpoint": "https://stsqldwhuateus01.queue.core.windows.net/",
            "primary_queue_host": "stsqldwhuateus01.queue.core.windows.net",
            "primary_table_endpoint": "https://stsqldwhuateus01.table.core.windows.net/",
            "primary_table_host": "stsqldwhuateus01.table.core.windows.net",
            "primary_web_endpoint": "https://stsqldwhuateus01.z22.web.core.windows.net/",
            "primary_web_host": "stsqldwhuateus01.z22.web.core.windows.net",
            "queue_encryption_key_type": "Service",
            "queue_properties": [
              {
                "cors_rule": [],
                "hour_metrics": [
                  {
                    "enabled": true,
                    "include_apis": true,
                    "retention_policy_days": 7,
                    "version": "1.0"
                  }
                ],
                "logging": [
                  {
                    "delete": false,
                    "read": false,
                    "retention_policy_days": 0,
                    "version": "1.0",
                    "write": false
                  }
                ],
                "minute_metrics": [
                  {
                    "enabled": false,
                    "include_apis": false,
                    "retention_policy_days": 0,
                    "version": "1.0"
                  }
                ]
              }
            ],
            "resource_group_name": "rsg-dwh-uat-01",
            "routing": [],
            "secondary_access_key": "MPTmJ/sxZuIDv+vzgNrlqjm5wHSccfWBgJwJGTuCqMbFwXvOqreLhFCdr4f64QCEuxtB7F/62gHqOb7sRaaeKw==",
            "secondary_blob_connection_string": "",
            "secondary_blob_endpoint": null,
            "secondary_blob_host": null,
            "secondary_connection_string": "DefaultEndpointsProtocol=https;AccountName=stsqldwhuateus01;AccountKey=MPTmJ/sxZuIDv+vzgNrlqjm5wHSccfWBgJwJGTuCqMbFwXvOqreLhFCdr4f64QCEuxtB7F/62gHqOb7sRaaeKw==;EndpointSuffix=core.windows.net",
            "secondary_dfs_endpoint": null,
            "secondary_dfs_host": null,
            "secondary_file_endpoint": null,
            "secondary_file_host": null,
            "secondary_location": "",
            "secondary_queue_endpoint": null,
            "secondary_queue_host": null,
            "secondary_table_endpoint": null,
            "secondary_table_host": null,
            "secondary_web_endpoint": null,
            "secondary_web_host": null,
            "share_properties": [
              {
                "cors_rule": [],
                "retention_policy": [
                  {
                    "days": 7
                  }
                ],
                "smb": []
              }
            ],
            "shared_access_key_enabled": true,
            "static_website": [],
            "table_encryption_key_type": "Service",
            "tags": null,
            "timeouts": null
          },
          "sensitive_attributes": [],
          "private": "eyJlMmJmYjczMC1lY2FhLTExZTYtOGY4OC0zNDM2M2JjN2M0YzAiOnsiY3JlYXRlIjozNjAwMDAwMDAwMDAwLCJkZWxldGUiOjM2MDAwMDAwMDAwMDAsInJlYWQiOjMwMDAwMDAwMDAwMCwidXBkYXRlIjozNjAwMDAwMDAwMDAwfSwic2NoZW1hX3ZlcnNpb24iOiIzIn0=",
          "dependencies": [
            "azurerm_resource_group.lab_1"
          ]
        }
      ]
    },
    {
      "mode": "managed",
      "type": "azurerm_subnet_network_security_group_association",
      "name": "nsg_to_subnet",
      "provider": "provider[\"registry.terraform.io/hashicorp/azurerm\"]",
      "instances": [
        {
          "schema_version": 0,
          "attributes": {
            "id": "/subscriptions/ceb56d52-5419-431d-9453-6701a9c46fb6/resourceGroups/rg-vc-aa-us/providers/Microsoft.Network/virtualNetworks/VC-VNET-01/subnets/VSNEastUS-Databases",
            "network_security_group_id": "/subscriptions/ceb56d52-5419-431d-9453-6701a9c46fb6/resourceGroups/rsg-dwh-uat-01/providers/Microsoft.Network/networkSecurityGroups/NSGVSNEUSUAT01",
            "subnet_id": "/subscriptions/ceb56d52-5419-431d-9453-6701a9c46fb6/resourceGroups/rg-vc-aa-us/providers/Microsoft.Network/virtualNetworks/VC-VNET-01/subnets/VSNEastUS-Databases",
            "timeouts": null
          },
          "sensitive_attributes": [],
          "private": "eyJlMmJmYjczMC1lY2FhLTExZTYtOGY4OC0zNDM2M2JjN2M0YzAiOnsiY3JlYXRlIjoxODAwMDAwMDAwMDAwLCJkZWxldGUiOjE4MDAwMDAwMDAwMDAsInJlYWQiOjMwMDAwMDAwMDAwMCwidXBkYXRlIjoxODAwMDAwMDAwMDAwfX0=",
          "dependencies": [
            "azurerm_network_security_group.nsg",
            "azurerm_resource_group.lab_1",
            "azurerm_virtual_network.dbvnet"
          ]
        }
      ]
    },
    {
      "mode": "managed",
      "type": "azurerm_virtual_network",
      "name": "dbvnet",
      "provider": "provider[\"registry.terraform.io/hashicorp/azurerm\"]",
      "instances": [
        {
          "schema_version": 0,
          "attributes": {
            "address_space": [
              "10.4.0.0/24"
            ],
            "bgp_community": "",
            "ddos_protection_plan": [],
            "dns_servers": [],
            "edge_zone": "",
            "flow_timeout_in_minutes": 0,
            "guid": "6eeb5813-ca66-4027-bd14-0d4577c39cd5",
            "id": "/subscriptions/ceb56d52-5419-431d-9453-6701a9c46fb6/resourceGroups/rg-vc-aa-us/providers/Microsoft.Network/virtualNetworks/VC-VNET-01",
            "location": "eastus2",
            "name": "VC-VNET-01",
            "resource_group_name": "rg-vc-aa-us",
            "subnet": [
              {
                "address_prefix": "10.4.0.0/28",
                "id": "/subscriptions/ceb56d52-5419-431d-9453-6701a9c46fb6/resourceGroups/rg-vc-aa-us/providers/Microsoft.Network/virtualNetworks/VC-VNET-01/subnets/TEST",
                "name": "TEST",
                "security_group": "/subscriptions/ceb56d52-5419-431d-9453-6701a9c46fb6/resourceGroups/rg-vc-aa-us/providers/Microsoft.Network/networkSecurityGroups/VC-VNET-NSG-01"
              },
              {
                "address_prefix": "10.4.0.16/28",
                "id": "/subscriptions/ceb56d52-5419-431d-9453-6701a9c46fb6/resourceGroups/rg-vc-aa-us/providers/Microsoft.Network/virtualNetworks/VC-VNET-01/subnets/VSNEastUS-Databases",
                "name": "VSNEastUS-Databases",
                "security_group": ""
              },
              {
                "address_prefix": "10.4.0.64/26",
                "id": "/subscriptions/ceb56d52-5419-431d-9453-6701a9c46fb6/resourceGroups/rg-vc-aa-us/providers/Microsoft.Network/virtualNetworks/VC-VNET-01/subnets/AzureFirewallSubnet",
                "name": "AzureFirewallSubnet",
                "security_group": ""
              }
            ],
            "tags": {},
            "timeouts": {
              "create": null,
              "delete": null,
              "read": null,
              "update": null
            }
          },
          "sensitive_attributes": [],
          "private": "eyJlMmJmYjczMC1lY2FhLTExZTYtOGY4OC0zNDM2M2JjN2M0YzAiOnsiY3JlYXRlIjoxODAwMDAwMDAwMDAwLCJkZWxldGUiOjE4MDAwMDAwMDAwMDAsInJlYWQiOjMwMDAwMDAwMDAwMCwidXBkYXRlIjoxODAwMDAwMDAwMDAwfX0="
        }
      ]
    }
  ]
}
